
Microsoft Visual Studio Solution File, Format Version 12.00
# Visual Studio Version 17
VisualStudioVersion = 17.7.34031.279
MinimumVisualStudioVersion = 10.0.40219.1
Project("{FAE04EC0-301F-11D3-BF4B-00C04F79EFBC}") = "DryUtiltiesAutomator", "DryUtiltiesAutomator\DryUtiltiesAutomator.csproj", "{6BBBDEC9-92B5-47F8-B1F2-9E89E9C142E3}"
EndProject
Project("{FAE04EC0-301F-11D3-BF4B-00C04F79EFBC}") = "DUA_WPF", "DUA_WPF\DUA_WPF.csproj", "{C48109C5-2490-4782-89A0-426BA38B2690}"
EndProject
Project("{FAE04EC0-301F-11D3-BF4B-00C04F79EFBC}") = "CommandTester", "CommandTester\CommandTester.csproj", "{8B6D5138-9ADD-44C9-BA64-8B9419481D28}"
EndProject
Project("{FAE04EC0-301F-11D3-BF4B-00C04F79EFBC}") = "WpfApp_Tester", "WpfApp_Tester\WpfApp_Tester.csproj", "{3CB75592-11CA-422C-8A6F-7D2A8212523E}"
EndProject
Project("{FAE04EC0-301F-11D3-BF4B-00C04F79EFBC}") = "ModalControl", "ModalControl\ModalControl.csproj", "{3FE7C158-B56E-4F5A-BC33-E6BAEA13CD32}"
EndProject
Global
	GlobalSection(SolutionConfigurationPlatforms) = preSolution
		Debug|Any CPU = Debug|Any CPU
		Release|Any CPU = Release|Any CPU
	EndGlobalSection
	GlobalSection(ProjectConfigurationPlatforms) = postSolution
		{6BBBDEC9-92B5-47F8-B1F2-9E89E9C142E3}.Debug|Any CPU.ActiveCfg = Debug|Any CPU
		{6BBBDEC9-92B5-47F8-B1F2-9E89E9C142E3}.Debug|Any CPU.Build.0 = Debug|Any CPU
		{6BBBDEC9-92B5-47F8-B1F2-9E89E9C142E3}.Release|Any CPU.ActiveCfg = Release|Any CPU
		{6BBBDEC9-92B5-47F8-B1F2-9E89E9C142E3}.Release|Any CPU.Build.0 = Release|Any CPU
		{C48109C5-2490-4782-89A0-426BA38B2690}.Debug|Any CPU.ActiveCfg = Debug|Any CPU
		{C48109C5-2490-4782-89A0-426BA38B2690}.Debug|Any CPU.Build.0 = Debug|Any CPU
		{C48109C5-2490-4782-89A0-426BA38B2690}.Release|Any CPU.ActiveCfg = Release|Any CPU
		{C48109C5-2490-4782-89A0-426BA38B2690}.Release|Any CPU.Build.0 = Release|Any CPU
		{8B6D5138-9ADD-44C9-BA64-8B9419481D28}.Debug|Any CPU.ActiveCfg = Debug|Any CPU
		{8B6D5138-9ADD-44C9-BA64-8B9419481D28}.Debug|Any CPU.Build.0 = Debug|Any CPU
		{8B6D5138-9ADD-44C9-BA64-8B9419481D28}.Release|Any CPU.ActiveCfg = Release|Any CPU
		{8B6D5138-9ADD-44C9-BA64-8B9419481D28}.Release|Any CPU.Build.0 = Release|Any CPU
		{3CB75592-11CA-422C-8A6F-7D2A8212523E}.Debug|Any CPU.ActiveCfg = Debug|Any CPU
		{3CB75592-11CA-422C-8A6F-7D2A8212523E}.Debug|Any CPU.Build.0 = Debug|Any CPU
		{3CB75592-11CA-422C-8A6F-7D2A8212523E}.Release|Any CPU.ActiveCfg = Release|Any CPU
		{3CB75592-11CA-422C-8A6F-7D2A8212523E}.Release|Any CPU.Build.0 = Release|Any CPU
		{3FE7C158-B56E-4F5A-BC33-E6BAEA13CD32}.Debug|Any CPU.ActiveCfg = Debug|Any CPU
		{3FE7C158-B56E-4F5A-BC33-E6BAEA13CD32}.Debug|Any CPU.Build.0 = Debug|Any CPU
		{3FE7C158-B56E-4F5A-BC33-E6BAEA13CD32}.Release|Any CPU.ActiveCfg = Release|Any CPU
		{3FE7C158-B56E-4F5A-BC33-E6BAEA13CD32}.Release|Any CPU.Build.0 = Release|Any CPU
	EndGlobalSection
	GlobalSection(SolutionProperties) = preSolution
		HideSolutionNode = FALSE
	EndGlobalSection
	GlobalSection(ExtensibilityGlobals) = postSolution
		SolutionGuid = {3A578E41-910E-49A1-A0CA-7E2AA9759A3B}
	EndGlobalSection
EndGlobal
